
Microsoft Visual Studio Solution File, Format Version 12.00
# Visual Studio Version 17
VisualStudioVersion = 17.11.35303.130
MinimumVisualStudioVersion = 10.0.40219.1
Project("{9A19103F-16F7-4668-BE54-9A1E7A4F7556}") = "Shared", "Shared\Shared.csproj", "{5701D55B-22EF-4763-B241-CDA3FF6EACF2}"
EndProject
Project("{9A19103F-16F7-4668-BE54-9A1E7A4F7556}") = "MobileTracking", "MobileTracking\MobileTracking.csproj", "{3570A976-88E2-414C-8EE5-C17CDE6AE7D6}"
EndProject
Project("{FAE04EC0-301F-11D3-BF4B-00C04F79EFBC}") = "BackendTracking", "BackendTracking\BackendTracking.csproj", "{3C95F996-A05E-401C-856E-1AFDF9FCBC0E}"
EndProject
Global
	GlobalSection(SolutionConfigurationPlatforms) = preSolution
		Debug|Any CPU = Debug|Any CPU
		Release|Any CPU = Release|Any CPU
	EndGlobalSection
	GlobalSection(ProjectConfigurationPlatforms) = postSolution
		{5701D55B-22EF-4763-B241-CDA3FF6EACF2}.Debug|Any CPU.ActiveCfg = Debug|Any CPU
		{5701D55B-22EF-4763-B241-CDA3FF6EACF2}.Debug|Any CPU.Build.0 = Debug|Any CPU
		{5701D55B-22EF-4763-B241-CDA3FF6EACF2}.Release|Any CPU.ActiveCfg = Release|Any CPU
		{5701D55B-22EF-4763-B241-CDA3FF6EACF2}.Release|Any CPU.Build.0 = Release|Any CPU
		{3570A976-88E2-414C-8EE5-C17CDE6AE7D6}.Debug|Any CPU.ActiveCfg = Debug|Any CPU
		{3570A976-88E2-414C-8EE5-C17CDE6AE7D6}.Debug|Any CPU.Build.0 = Debug|Any CPU
		{3570A976-88E2-414C-8EE5-C17CDE6AE7D6}.Release|Any CPU.ActiveCfg = Release|Any CPU
		{3570A976-88E2-414C-8EE5-C17CDE6AE7D6}.Release|Any CPU.Build.0 = Release|Any CPU
		{3C95F996-A05E-401C-856E-1AFDF9FCBC0E}.Debug|Any CPU.ActiveCfg = Debug|Any CPU
		{3C95F996-A05E-401C-856E-1AFDF9FCBC0E}.Debug|Any CPU.Build.0 = Debug|Any CPU
		{3C95F996-A05E-401C-856E-1AFDF9FCBC0E}.Release|Any CPU.ActiveCfg = Release|Any CPU
		{3C95F996-A05E-401C-856E-1AFDF9FCBC0E}.Release|Any CPU.Build.0 = Release|Any CPU
	EndGlobalSection
	GlobalSection(SolutionProperties) = preSolution
		HideSolutionNode = FALSE
	EndGlobalSection
	GlobalSection(ExtensibilityGlobals) = postSolution
		SolutionGuid = {E902C61F-20DB-4A3C-AE2E-04FD51319451}
	EndGlobalSection
EndGlobal
