
Microsoft Visual Studio Solution File, Format Version 12.00
# Visual Studio Version 17
VisualStudioVersion = 17.11.35303.130
MinimumVisualStudioVersion = 10.0.40219.1
Project("{9A19103F-16F7-4668-BE54-9A1E7A4F7556}") = "Shared", "Shared\Shared.csproj", "{5701D55B-22EF-4763-B241-CDA3FF6EACF2}"
EndProject
Project("{9A19103F-16F7-4668-BE54-9A1E7A4F7556}") = "MobileTracking", "MobileTracking\MobileTracking.csproj", "{3570A976-88E2-414C-8EE5-C17CDE6AE7D6}"
EndProject
Project("{FAE04EC0-301F-11D3-BF4B-00C04F79EFBC}") = "BackendTracking", "BackendTracking\BackendTracking.csproj", "{3C95F996-A05E-401C-856E-1AFDF9FCBC0E}"
EndProject
Project("{FAE04EC0-301F-11D3-BF4B-00C04F79EFBC}") = "WebTracking", "WebTracking\WebTracking\WebTracking.csproj", "{91E2FBAA-36C3-4A02-9196-93D29A186D5E}"
EndProject
Project("{FAE04EC0-301F-11D3-BF4B-00C04F79EFBC}") = "WebTracking.Client", "WebTracking\WebTracking.Client\WebTracking.Client.csproj", "{1BD3487D-C0F2-44D8-8F29-4F62653C1691}"
EndProject
Project("{2150E333-8FDC-42A3-9474-1A3956D46DE8}") = "Backend", "Backend", "{FD4EF7B9-FD6B-418F-B212-3EB1EF6E792E}"
EndProject
Project("{FAE04EC0-301F-11D3-BF4B-00C04F79EFBC}") = "Tracking.DataAccessLayer", "Tracking.DataAccessLayer\Tracking.DataAccessLayer.csproj", "{C3631ADC-FB65-4DCE-AB6A-92225F40C282}"
EndProject
Project("{FAE04EC0-301F-11D3-BF4B-00C04F79EFBC}") = "Tracking.BusinessLogicLayer", "Tracking.BusinessLogicLayer\Tracking.BusinessLogicLayer.csproj", "{79275872-537B-4803-A05B-3F40A7769009}"
EndProject
Project("{FAE04EC0-301F-11D3-BF4B-00C04F79EFBC}") = "Tracking.IoC", "Tracking.IoC\Tracking.IoC.csproj", "{917E5421-673B-477F-8340-72F389FD6F6C}"
EndProject
Project("{2150E333-8FDC-42A3-9474-1A3956D46DE8}") = "Web", "Web", "{BB126B8B-3E7D-4F91-9D6B-0894A20F45CD}"
EndProject
Project("{2150E333-8FDC-42A3-9474-1A3956D46DE8}") = "Mobile", "Mobile", "{4D4694D0-B81D-4241-9CCC-35E2CD3C9DAC}"
EndProject
Project("{FAE04EC0-301F-11D3-BF4B-00C04F79EFBC}") = "Shared.Mobile", "Shared.Mobile\Shared.Mobile.csproj", "{CE73F8F1-C235-4240-8FC6-0C337726F2F8}"
EndProject
Project("{2150E333-8FDC-42A3-9474-1A3956D46DE8}") = "Common", "Common", "{99308A5C-A770-4441-9BDD-8924FBA6CA1E}"
EndProject
Global
	GlobalSection(SolutionConfigurationPlatforms) = preSolution
		Debug|Any CPU = Debug|Any CPU
		Release|Any CPU = Release|Any CPU
	EndGlobalSection
	GlobalSection(ProjectConfigurationPlatforms) = postSolution
		{5701D55B-22EF-4763-B241-CDA3FF6EACF2}.Debug|Any CPU.ActiveCfg = Debug|Any CPU
		{5701D55B-22EF-4763-B241-CDA3FF6EACF2}.Debug|Any CPU.Build.0 = Debug|Any CPU
		{5701D55B-22EF-4763-B241-CDA3FF6EACF2}.Release|Any CPU.ActiveCfg = Release|Any CPU
		{5701D55B-22EF-4763-B241-CDA3FF6EACF2}.Release|Any CPU.Build.0 = Release|Any CPU
		{3570A976-88E2-414C-8EE5-C17CDE6AE7D6}.Debug|Any CPU.ActiveCfg = Debug|Any CPU
		{3570A976-88E2-414C-8EE5-C17CDE6AE7D6}.Debug|Any CPU.Build.0 = Debug|Any CPU
		{3570A976-88E2-414C-8EE5-C17CDE6AE7D6}.Debug|Any CPU.Deploy.0 = Debug|Any CPU
		{3570A976-88E2-414C-8EE5-C17CDE6AE7D6}.Release|Any CPU.ActiveCfg = Release|Any CPU
		{3570A976-88E2-414C-8EE5-C17CDE6AE7D6}.Release|Any CPU.Build.0 = Release|Any CPU
		{3C95F996-A05E-401C-856E-1AFDF9FCBC0E}.Debug|Any CPU.ActiveCfg = Debug|Any CPU
		{3C95F996-A05E-401C-856E-1AFDF9FCBC0E}.Debug|Any CPU.Build.0 = Debug|Any CPU
		{3C95F996-A05E-401C-856E-1AFDF9FCBC0E}.Release|Any CPU.ActiveCfg = Release|Any CPU
		{3C95F996-A05E-401C-856E-1AFDF9FCBC0E}.Release|Any CPU.Build.0 = Release|Any CPU
		{91E2FBAA-36C3-4A02-9196-93D29A186D5E}.Debug|Any CPU.ActiveCfg = Debug|Any CPU
		{91E2FBAA-36C3-4A02-9196-93D29A186D5E}.Debug|Any CPU.Build.0 = Debug|Any CPU
		{91E2FBAA-36C3-4A02-9196-93D29A186D5E}.Release|Any CPU.ActiveCfg = Release|Any CPU
		{91E2FBAA-36C3-4A02-9196-93D29A186D5E}.Release|Any CPU.Build.0 = Release|Any CPU
		{1BD3487D-C0F2-44D8-8F29-4F62653C1691}.Debug|Any CPU.ActiveCfg = Debug|Any CPU
		{1BD3487D-C0F2-44D8-8F29-4F62653C1691}.Debug|Any CPU.Build.0 = Debug|Any CPU
		{1BD3487D-C0F2-44D8-8F29-4F62653C1691}.Release|Any CPU.ActiveCfg = Release|Any CPU
		{1BD3487D-C0F2-44D8-8F29-4F62653C1691}.Release|Any CPU.Build.0 = Release|Any CPU
		{C3631ADC-FB65-4DCE-AB6A-92225F40C282}.Debug|Any CPU.ActiveCfg = Debug|Any CPU
		{C3631ADC-FB65-4DCE-AB6A-92225F40C282}.Debug|Any CPU.Build.0 = Debug|Any CPU
		{C3631ADC-FB65-4DCE-AB6A-92225F40C282}.Release|Any CPU.ActiveCfg = Release|Any CPU
		{C3631ADC-FB65-4DCE-AB6A-92225F40C282}.Release|Any CPU.Build.0 = Release|Any CPU
		{79275872-537B-4803-A05B-3F40A7769009}.Debug|Any CPU.ActiveCfg = Debug|Any CPU
		{79275872-537B-4803-A05B-3F40A7769009}.Debug|Any CPU.Build.0 = Debug|Any CPU
		{79275872-537B-4803-A05B-3F40A7769009}.Release|Any CPU.ActiveCfg = Release|Any CPU
		{79275872-537B-4803-A05B-3F40A7769009}.Release|Any CPU.Build.0 = Release|Any CPU
		{917E5421-673B-477F-8340-72F389FD6F6C}.Debug|Any CPU.ActiveCfg = Debug|Any CPU
		{917E5421-673B-477F-8340-72F389FD6F6C}.Debug|Any CPU.Build.0 = Debug|Any CPU
		{917E5421-673B-477F-8340-72F389FD6F6C}.Release|Any CPU.ActiveCfg = Release|Any CPU
		{917E5421-673B-477F-8340-72F389FD6F6C}.Release|Any CPU.Build.0 = Release|Any CPU
		{CE73F8F1-C235-4240-8FC6-0C337726F2F8}.Debug|Any CPU.ActiveCfg = Debug|Any CPU
		{CE73F8F1-C235-4240-8FC6-0C337726F2F8}.Debug|Any CPU.Build.0 = Debug|Any CPU
		{CE73F8F1-C235-4240-8FC6-0C337726F2F8}.Release|Any CPU.ActiveCfg = Release|Any CPU
		{CE73F8F1-C235-4240-8FC6-0C337726F2F8}.Release|Any CPU.Build.0 = Release|Any CPU
	EndGlobalSection
	GlobalSection(SolutionProperties) = preSolution
		HideSolutionNode = FALSE
	EndGlobalSection
	GlobalSection(NestedProjects) = preSolution
		{5701D55B-22EF-4763-B241-CDA3FF6EACF2} = {99308A5C-A770-4441-9BDD-8924FBA6CA1E}
		{3570A976-88E2-414C-8EE5-C17CDE6AE7D6} = {4D4694D0-B81D-4241-9CCC-35E2CD3C9DAC}
		{3C95F996-A05E-401C-856E-1AFDF9FCBC0E} = {FD4EF7B9-FD6B-418F-B212-3EB1EF6E792E}
		{91E2FBAA-36C3-4A02-9196-93D29A186D5E} = {BB126B8B-3E7D-4F91-9D6B-0894A20F45CD}
		{1BD3487D-C0F2-44D8-8F29-4F62653C1691} = {BB126B8B-3E7D-4F91-9D6B-0894A20F45CD}
		{C3631ADC-FB65-4DCE-AB6A-92225F40C282} = {FD4EF7B9-FD6B-418F-B212-3EB1EF6E792E}
		{79275872-537B-4803-A05B-3F40A7769009} = {FD4EF7B9-FD6B-418F-B212-3EB1EF6E792E}
		{917E5421-673B-477F-8340-72F389FD6F6C} = {FD4EF7B9-FD6B-418F-B212-3EB1EF6E792E}
		{CE73F8F1-C235-4240-8FC6-0C337726F2F8} = {4D4694D0-B81D-4241-9CCC-35E2CD3C9DAC}
	EndGlobalSection
	GlobalSection(ExtensibilityGlobals) = postSolution
		SolutionGuid = {E902C61F-20DB-4A3C-AE2E-04FD51319451}
	EndGlobalSection
EndGlobal
